
Microsoft Visual Studio Solution File, Format Version 12.00
# Visual Studio Version 17
VisualStudioVersion = 17.6.33829.357
MinimumVisualStudioVersion = 10.0.40219.1
Project("{888888A0-9F3D-457C-B088-3A5042F75D52}") = "python-DataTransaction", "python-DataTransaction.pyproj", "{2E03DDC3-B332-4F3E-82E3-CE1CF4E9CA50}"
EndProject
Global
	GlobalSection(SolutionConfigurationPlatforms) = preSolution
		Debug|Any CPU = Debug|Any CPU
		Release|Any CPU = Release|Any CPU
	EndGlobalSection
	GlobalSection(ProjectConfigurationPlatforms) = postSolution
		{2E03DDC3-B332-4F3E-82E3-CE1CF4E9CA50}.Debug|Any CPU.ActiveCfg = Debug|Any CPU
		{2E03DDC3-B332-4F3E-82E3-CE1CF4E9CA50}.Release|Any CPU.ActiveCfg = Release|Any CPU
	EndGlobalSection
	GlobalSection(SolutionProperties) = preSolution
		HideSolutionNode = FALSE
	EndGlobalSection
	GlobalSection(ExtensibilityGlobals) = postSolution
		SolutionGuid = {D12C54AD-FA5C-42BF-BA6A-34565E84DE86}
	EndGlobalSection
EndGlobal
